# This file is autogenerated, do not edit; changes may be undone by the next 'dep ensure'.


[[projects]]
  name = "github.com/fsnotify/fsnotify"
  packages = ["."]
  revision = "836bfd95fecc0f1511dd66bdbf2b5b61ab8b00b6"
  version = "v1.2.11"

[solve-meta]
  analyzer-name = "dep"
  analyzer-version = 1
  inputs-digest = "a21d38fb40ca3a17c1e7608e55eb396b53fcf5cb98dd0e54e5bcbee6efe1d86a"
  solver-name = "gps-cdcl"
  solver-version = 1
